
Microsoft Visual Studio Solution File, Format Version 12.00
# Visual Studio Version 17
VisualStudioVersion = 17.14.36408.4
MinimumVisualStudioVersion = 10.0.40219.1
Project("{FAE04EC0-301F-11D3-BF4B-00C04F79EFBC}") = "ShadowWire.Server", "ShadowWire.Server\ShadowWire.Server.csproj", "{DC40101C-1A16-4176-8277-07E36C7E9F41}"
EndProject
Project("{FAE04EC0-301F-11D3-BF4B-00C04F79EFBC}") = "ShadowWire.Desktop.Client", "ShadowWire.Desktop.Client\ShadowWire.Desktop.Client.csproj", "{12A6EDCF-007C-4481-9FCE-66059595C750}"
EndProject
Project("{FAE04EC0-301F-11D3-BF4B-00C04F79EFBC}") = "ShadowWire.Shared", "ShadowWire.Shared\ShadowWire.Shared.csproj", "{F6015220-98A0-4288-B9DC-A53B18DA4CC9}"
EndProject
Global
	GlobalSection(SolutionConfigurationPlatforms) = preSolution
		Debug|Any CPU = Debug|Any CPU
		Release|Any CPU = Release|Any CPU
	EndGlobalSection
	GlobalSection(ProjectConfigurationPlatforms) = postSolution
		{DC40101C-1A16-4176-8277-07E36C7E9F41}.Debug|Any CPU.ActiveCfg = Debug|Any CPU
		{DC40101C-1A16-4176-8277-07E36C7E9F41}.Debug|Any CPU.Build.0 = Debug|Any CPU
		{DC40101C-1A16-4176-8277-07E36C7E9F41}.Release|Any CPU.ActiveCfg = Release|Any CPU
		{DC40101C-1A16-4176-8277-07E36C7E9F41}.Release|Any CPU.Build.0 = Release|Any CPU
		{12A6EDCF-007C-4481-9FCE-66059595C750}.Debug|Any CPU.ActiveCfg = Debug|Any CPU
		{12A6EDCF-007C-4481-9FCE-66059595C750}.Debug|Any CPU.Build.0 = Debug|Any CPU
		{12A6EDCF-007C-4481-9FCE-66059595C750}.Release|Any CPU.ActiveCfg = Release|Any CPU
		{12A6EDCF-007C-4481-9FCE-66059595C750}.Release|Any CPU.Build.0 = Release|Any CPU
		{F6015220-98A0-4288-B9DC-A53B18DA4CC9}.Debug|Any CPU.ActiveCfg = Debug|Any CPU
		{F6015220-98A0-4288-B9DC-A53B18DA4CC9}.Debug|Any CPU.Build.0 = Debug|Any CPU
		{F6015220-98A0-4288-B9DC-A53B18DA4CC9}.Release|Any CPU.ActiveCfg = Release|Any CPU
		{F6015220-98A0-4288-B9DC-A53B18DA4CC9}.Release|Any CPU.Build.0 = Release|Any CPU
	EndGlobalSection
	GlobalSection(SolutionProperties) = preSolution
		HideSolutionNode = FALSE
	EndGlobalSection
	GlobalSection(ExtensibilityGlobals) = postSolution
		SolutionGuid = {34C9A3FF-E80E-4124-9D90-26420D3FF2ED}
	EndGlobalSection
EndGlobal
